// !$*UTF8*$!
{
	archiveVersion = 1;
	classes = {
	};
	objectVersion = 50;
	objects = {

/* Begin PBXBuildFile section */
		1AE64C01244399B700769C69 /* AppDelegate.swift in Sources */ = {isa = PBXBuildFile; fileRef = 1AE64C00244399B700769C69 /* AppDelegate.swift */; };
		1AE64C03244399B700769C69 /* SceneDelegate.swift in Sources */ = {isa = PBXBuildFile; fileRef = 1AE64C02244399B700769C69 /* SceneDelegate.swift */; };
		1AE64C0A244399B900769C69 /* Assets.xcassets in Resources */ = {isa = PBXBuildFile; fileRef = 1AE64C09244399B900769C69 /* Assets.xcassets */; };
		1AE64C0D244399B900769C69 /* LaunchScreen.storyboard in Resources */ = {isa = PBXBuildFile; fileRef = 1AE64C0B244399B900769C69 /* LaunchScreen.storyboard */; };
		1AE64C18244399BA00769C69 /* PostsAppTests.swift in Sources */ = {isa = PBXBuildFile; fileRef = 1AE64C17244399BA00769C69 /* PostsAppTests.swift */; };
		1AE64C23244399BA00769C69 /* PostsAppUITests.swift in Sources */ = {isa = PBXBuildFile; fileRef = 1AE64C22244399BA00769C69 /* PostsAppUITests.swift */; };
		1AE64C3B24439E2500769C69 /* CoordinatorFinishFlowProtocol.swift in Sources */ = {isa = PBXBuildFile; fileRef = 1AE64C3124439E2500769C69 /* CoordinatorFinishFlowProtocol.swift */; };
		1AE64C3C24439E2500769C69 /* ViewController+Coordinator.swift in Sources */ = {isa = PBXBuildFile; fileRef = 1AE64C3324439E2500769C69 /* ViewController+Coordinator.swift */; };
		1AE64C3D24439E2500769C69 /* BaseRouterCoordinator.swift in Sources */ = {isa = PBXBuildFile; fileRef = 1AE64C3524439E2500769C69 /* BaseRouterCoordinator.swift */; };
		1AE64C3E24439E2500769C69 /* BaseTabBarCoordinator.swift in Sources */ = {isa = PBXBuildFile; fileRef = 1AE64C3624439E2500769C69 /* BaseTabBarCoordinator.swift */; };
		1AE64C3F24439E2500769C69 /* Presentable.swift in Sources */ = {isa = PBXBuildFile; fileRef = 1AE64C3824439E2500769C69 /* Presentable.swift */; };
		1AE64C4024439E2500769C69 /* Router.swift in Sources */ = {isa = PBXBuildFile; fileRef = 1AE64C3924439E2500769C69 /* Router.swift */; };
		1AE64C4124439E2500769C69 /* CoordinatorProtocol.swift in Sources */ = {isa = PBXBuildFile; fileRef = 1AE64C3A24439E2500769C69 /* CoordinatorProtocol.swift */; };
		1AE64C442443A1BB00769C69 /* Logger.swift in Sources */ = {isa = PBXBuildFile; fileRef = 1AE64C432443A1BB00769C69 /* Logger.swift */; };
		1AE64C4F2443A72500769C69 /* MockURLSession.swift in Sources */ = {isa = PBXBuildFile; fileRef = 1AE64C472443A72500769C69 /* MockURLSession.swift */; };
		1AE64C582443A87600769C69 /* AppConfig.swift in Sources */ = {isa = PBXBuildFile; fileRef = 1AE64C572443A87600769C69 /* AppConfig.swift */; };
		1AE64C5A2443C13E00769C69 /* Loggable.swift in Sources */ = {isa = PBXBuildFile; fileRef = 1AE64C592443C13E00769C69 /* Loggable.swift */; };
		1AE64C5D2444735A00769C69 /* ClientService.swift in Sources */ = {isa = PBXBuildFile; fileRef = 1AE64C5B2444735A00769C69 /* ClientService.swift */; };
		1AE64C5E2444735A00769C69 /* HTTPService.swift in Sources */ = {isa = PBXBuildFile; fileRef = 1AE64C5C2444735A00769C69 /* HTTPService.swift */; };
		1AE64C60244473D600769C69 /* HTTPServiceTests.swift in Sources */ = {isa = PBXBuildFile; fileRef = 1AE64C5F244473D600769C69 /* HTTPServiceTests.swift */; };
		1AE64C62244473EC00769C69 /* ClientServiceTests.swift in Sources */ = {isa = PBXBuildFile; fileRef = 1AE64C61244473EC00769C69 /* ClientServiceTests.swift */; };
		1AE64C642444907700769C69 /* PostsCoordinator.swift in Sources */ = {isa = PBXBuildFile; fileRef = 1AE64C632444907700769C69 /* PostsCoordinator.swift */; };
		1AE64C662444938700769C69 /* LoginCoordinator.swift in Sources */ = {isa = PBXBuildFile; fileRef = 1AE64C652444938700769C69 /* LoginCoordinator.swift */; };
		1AE64C682444948900769C69 /* AppCoordinator.swift in Sources */ = {isa = PBXBuildFile; fileRef = 1AE64C672444948900769C69 /* AppCoordinator.swift */; };
		1AE64C6E2444988600769C69 /* LoginViewModel.swift in Sources */ = {isa = PBXBuildFile; fileRef = 1AE64C6D2444988600769C69 /* LoginViewModel.swift */; };
		1AE64C70244498B200769C69 /* LoginViewController.swift in Sources */ = {isa = PBXBuildFile; fileRef = 1AE64C6F244498B200769C69 /* LoginViewController.swift */; };
		1AE64C72244498FC00769C69 /* PostsViewModel.swift in Sources */ = {isa = PBXBuildFile; fileRef = 1AE64C71244498FC00769C69 /* PostsViewModel.swift */; };
		1AE64C742444991800769C69 /* PostsViewController.swift in Sources */ = {isa = PBXBuildFile; fileRef = 1AE64C732444991800769C69 /* PostsViewController.swift */; };
		1AE64C762444994100769C69 /* FavoritesViewModel.swift in Sources */ = {isa = PBXBuildFile; fileRef = 1AE64C752444994100769C69 /* FavoritesViewModel.swift */; };
		1AE64C7824449A0000769C69 /* PostsProviderProtocol.swift in Sources */ = {isa = PBXBuildFile; fileRef = 1AE64C7724449A0000769C69 /* PostsProviderProtocol.swift */; };
		1AE64C7C2444A9DF00769C69 /* UITextField+Extensions.swift in Sources */ = {isa = PBXBuildFile; fileRef = 1AE64C7B2444A9DF00769C69 /* UITextField+Extensions.swift */; };
		1AE64C7E2444B3AB00769C69 /* LoginViewModelTests.swift in Sources */ = {isa = PBXBuildFile; fileRef = 1AE64C7D2444B3AB00769C69 /* LoginViewModelTests.swift */; };
		1AE64C802444C23800769C69 /* AppAppearance.swift in Sources */ = {isa = PBXBuildFile; fileRef = 1AE64C7F2444C23800769C69 /* AppAppearance.swift */; };
		1AE64C822444C96300769C69 /* PostsFeature.swift in Sources */ = {isa = PBXBuildFile; fileRef = 1AE64C812444C96300769C69 /* PostsFeature.swift */; };
		1AE64C842444CDB600769C69 /* Post.swift in Sources */ = {isa = PBXBuildFile; fileRef = 1AE64C832444CDB600769C69 /* Post.swift */; };
		1AE64C862444D08100769C69 /* LoginFeature.swift in Sources */ = {isa = PBXBuildFile; fileRef = 1AE64C852444D08100769C69 /* LoginFeature.swift */; };
/* End PBXBuildFile section */

/* Begin PBXContainerItemProxy section */
		1AE64C14244399BA00769C69 /* PBXContainerItemProxy */ = {
			isa = PBXContainerItemProxy;
			containerPortal = 1AE64BF5244399B700769C69 /* Project object */;
			proxyType = 1;
			remoteGlobalIDString = 1AE64BFC244399B700769C69;
			remoteInfo = PostsApp;
		};
		1AE64C1F244399BA00769C69 /* PBXContainerItemProxy */ = {
			isa = PBXContainerItemProxy;
			containerPortal = 1AE64BF5244399B700769C69 /* Project object */;
			proxyType = 1;
			remoteGlobalIDString = 1AE64BFC244399B700769C69;
			remoteInfo = PostsApp;
		};
/* End PBXContainerItemProxy section */

/* Begin PBXFileReference section */
		1AE64BFD244399B700769C69 /* PostsApp.app */ = {isa = PBXFileReference; explicitFileType = wrapper.application; includeInIndex = 0; path = PostsApp.app; sourceTree = BUILT_PRODUCTS_DIR; };
		1AE64C00244399B700769C69 /* AppDelegate.swift */ = {isa = PBXFileReference; lastKnownFileType = sourcecode.swift; path = AppDelegate.swift; sourceTree = "<group>"; };
		1AE64C02244399B700769C69 /* SceneDelegate.swift */ = {isa = PBXFileReference; lastKnownFileType = sourcecode.swift; path = SceneDelegate.swift; sourceTree = "<group>"; };
		1AE64C09244399B900769C69 /* Assets.xcassets */ = {isa = PBXFileReference; lastKnownFileType = folder.assetcatalog; path = Assets.xcassets; sourceTree = "<group>"; };
		1AE64C0C244399B900769C69 /* Base */ = {isa = PBXFileReference; lastKnownFileType = file.storyboard; name = Base; path = Base.lproj/LaunchScreen.storyboard; sourceTree = "<group>"; };
		1AE64C0E244399B900769C69 /* Info.plist */ = {isa = PBXFileReference; lastKnownFileType = text.plist.xml; path = Info.plist; sourceTree = "<group>"; };
		1AE64C13244399BA00769C69 /* PostsAppTests.xctest */ = {isa = PBXFileReference; explicitFileType = wrapper.cfbundle; includeInIndex = 0; path = PostsAppTests.xctest; sourceTree = BUILT_PRODUCTS_DIR; };
		1AE64C17244399BA00769C69 /* PostsAppTests.swift */ = {isa = PBXFileReference; lastKnownFileType = sourcecode.swift; path = PostsAppTests.swift; sourceTree = "<group>"; };
		1AE64C19244399BA00769C69 /* Info.plist */ = {isa = PBXFileReference; lastKnownFileType = text.plist.xml; path = Info.plist; sourceTree = "<group>"; };
		1AE64C1E244399BA00769C69 /* PostsAppUITests.xctest */ = {isa = PBXFileReference; explicitFileType = wrapper.cfbundle; includeInIndex = 0; path = PostsAppUITests.xctest; sourceTree = BUILT_PRODUCTS_DIR; };
		1AE64C22244399BA00769C69 /* PostsAppUITests.swift */ = {isa = PBXFileReference; lastKnownFileType = sourcecode.swift; path = PostsAppUITests.swift; sourceTree = "<group>"; };
		1AE64C24244399BA00769C69 /* Info.plist */ = {isa = PBXFileReference; lastKnownFileType = text.plist.xml; path = Info.plist; sourceTree = "<group>"; };
		1AE64C3124439E2500769C69 /* CoordinatorFinishFlowProtocol.swift */ = {isa = PBXFileReference; fileEncoding = 4; lastKnownFileType = sourcecode.swift; name = CoordinatorFinishFlowProtocol.swift; path = Extensions/CoordinatorFinishFlowProtocol.swift; sourceTree = "<group>"; };
		1AE64C3324439E2500769C69 /* ViewController+Coordinator.swift */ = {isa = PBXFileReference; fileEncoding = 4; lastKnownFileType = sourcecode.swift; path = "ViewController+Coordinator.swift"; sourceTree = "<group>"; };
		1AE64C3524439E2500769C69 /* BaseRouterCoordinator.swift */ = {isa = PBXFileReference; fileEncoding = 4; lastKnownFileType = sourcecode.swift; name = BaseRouterCoordinator.swift; path = NavControllerCoordinator/BaseRouterCoordinator.swift; sourceTree = "<group>"; };
		1AE64C3624439E2500769C69 /* BaseTabBarCoordinator.swift */ = {isa = PBXFileReference; fileEncoding = 4; lastKnownFileType = sourcecode.swift; name = BaseTabBarCoordinator.swift; path = NavControllerCoordinator/BaseTabBarCoordinator.swift; sourceTree = "<group>"; };
		1AE64C3824439E2500769C69 /* Presentable.swift */ = {isa = PBXFileReference; fileEncoding = 4; lastKnownFileType = sourcecode.swift; path = Presentable.swift; sourceTree = "<group>"; };
		1AE64C3924439E2500769C69 /* Router.swift */ = {isa = PBXFileReference; fileEncoding = 4; lastKnownFileType = sourcecode.swift; path = Router.swift; sourceTree = "<group>"; };
		1AE64C3A24439E2500769C69 /* CoordinatorProtocol.swift */ = {isa = PBXFileReference; fileEncoding = 4; lastKnownFileType = sourcecode.swift; path = CoordinatorProtocol.swift; sourceTree = "<group>"; };
		1AE64C432443A1BB00769C69 /* Logger.swift */ = {isa = PBXFileReference; fileEncoding = 4; lastKnownFileType = sourcecode.swift; path = Logger.swift; sourceTree = "<group>"; };
		1AE64C472443A72500769C69 /* MockURLSession.swift */ = {isa = PBXFileReference; fileEncoding = 4; lastKnownFileType = sourcecode.swift; path = MockURLSession.swift; sourceTree = "<group>"; };
		1AE64C572443A87600769C69 /* AppConfig.swift */ = {isa = PBXFileReference; lastKnownFileType = sourcecode.swift; path = AppConfig.swift; sourceTree = "<group>"; };
		1AE64C592443C13E00769C69 /* Loggable.swift */ = {isa = PBXFileReference; lastKnownFileType = sourcecode.swift; path = Loggable.swift; sourceTree = "<group>"; };
		1AE64C5B2444735A00769C69 /* ClientService.swift */ = {isa = PBXFileReference; fileEncoding = 4; lastKnownFileType = sourcecode.swift; path = ClientService.swift; sourceTree = "<group>"; };
		1AE64C5C2444735A00769C69 /* HTTPService.swift */ = {isa = PBXFileReference; fileEncoding = 4; lastKnownFileType = sourcecode.swift; path = HTTPService.swift; sourceTree = "<group>"; };
		1AE64C5F244473D600769C69 /* HTTPServiceTests.swift */ = {isa = PBXFileReference; lastKnownFileType = sourcecode.swift; path = HTTPServiceTests.swift; sourceTree = "<group>"; };
		1AE64C61244473EC00769C69 /* ClientServiceTests.swift */ = {isa = PBXFileReference; lastKnownFileType = sourcecode.swift; path = ClientServiceTests.swift; sourceTree = "<group>"; };
		1AE64C632444907700769C69 /* PostsCoordinator.swift */ = {isa = PBXFileReference; lastKnownFileType = sourcecode.swift; path = PostsCoordinator.swift; sourceTree = "<group>"; };
		1AE64C652444938700769C69 /* LoginCoordinator.swift */ = {isa = PBXFileReference; lastKnownFileType = sourcecode.swift; path = LoginCoordinator.swift; sourceTree = "<group>"; };
		1AE64C672444948900769C69 /* AppCoordinator.swift */ = {isa = PBXFileReference; lastKnownFileType = sourcecode.swift; path = AppCoordinator.swift; sourceTree = "<group>"; };
		1AE64C6D2444988600769C69 /* LoginViewModel.swift */ = {isa = PBXFileReference; lastKnownFileType = sourcecode.swift; path = LoginViewModel.swift; sourceTree = "<group>"; };
		1AE64C6F244498B200769C69 /* LoginViewController.swift */ = {isa = PBXFileReference; lastKnownFileType = sourcecode.swift; path = LoginViewController.swift; sourceTree = "<group>"; };
		1AE64C71244498FC00769C69 /* PostsViewModel.swift */ = {isa = PBXFileReference; lastKnownFileType = sourcecode.swift; path = PostsViewModel.swift; sourceTree = "<group>"; };
		1AE64C732444991800769C69 /* PostsViewController.swift */ = {isa = PBXFileReference; lastKnownFileType = sourcecode.swift; path = PostsViewController.swift; sourceTree = "<group>"; };
		1AE64C752444994100769C69 /* FavoritesViewModel.swift */ = {isa = PBXFileReference; lastKnownFileType = sourcecode.swift; path = FavoritesViewModel.swift; sourceTree = "<group>"; };
		1AE64C7724449A0000769C69 /* PostsProviderProtocol.swift */ = {isa = PBXFileReference; lastKnownFileType = sourcecode.swift; path = PostsProviderProtocol.swift; sourceTree = "<group>"; };
		1AE64C7B2444A9DF00769C69 /* UITextField+Extensions.swift */ = {isa = PBXFileReference; lastKnownFileType = sourcecode.swift; path = "UITextField+Extensions.swift"; sourceTree = "<group>"; };
		1AE64C7D2444B3AB00769C69 /* LoginViewModelTests.swift */ = {isa = PBXFileReference; lastKnownFileType = sourcecode.swift; path = LoginViewModelTests.swift; sourceTree = "<group>"; };
		1AE64C7F2444C23800769C69 /* AppAppearance.swift */ = {isa = PBXFileReference; lastKnownFileType = sourcecode.swift; path = AppAppearance.swift; sourceTree = "<group>"; };
		1AE64C812444C96300769C69 /* PostsFeature.swift */ = {isa = PBXFileReference; lastKnownFileType = sourcecode.swift; path = PostsFeature.swift; sourceTree = "<group>"; };
		1AE64C832444CDB600769C69 /* Post.swift */ = {isa = PBXFileReference; lastKnownFileType = sourcecode.swift; path = Post.swift; sourceTree = "<group>"; };
		1AE64C852444D08100769C69 /* LoginFeature.swift */ = {isa = PBXFileReference; lastKnownFileType = sourcecode.swift; path = LoginFeature.swift; sourceTree = "<group>"; };
/* End PBXFileReference section */

/* Begin PBXFrameworksBuildPhase section */
		1AE64BFA244399B700769C69 /* Frameworks */ = {
			isa = PBXFrameworksBuildPhase;
			buildActionMask = 2147483647;
			files = (
			);
			runOnlyForDeploymentPostprocessing = 0;
		};
		1AE64C10244399BA00769C69 /* Frameworks */ = {
			isa = PBXFrameworksBuildPhase;
			buildActionMask = 2147483647;
			files = (
			);
			runOnlyForDeploymentPostprocessing = 0;
		};
		1AE64C1B244399BA00769C69 /* Frameworks */ = {
			isa = PBXFrameworksBuildPhase;
			buildActionMask = 2147483647;
			files = (
			);
			runOnlyForDeploymentPostprocessing = 0;
		};
/* End PBXFrameworksBuildPhase section */

/* Begin PBXGroup section */
		1AE64BF4244399B700769C69 = {
			isa = PBXGroup;
			children = (
				1AE64BFF244399B700769C69 /* PostsApp */,
				1AE64C16244399BA00769C69 /* PostsAppTests */,
				1AE64C21244399BA00769C69 /* PostsAppUITests */,
				1AE64BFE244399B700769C69 /* Products */,
			);
			sourceTree = "<group>";
		};
		1AE64BFE244399B700769C69 /* Products */ = {
			isa = PBXGroup;
			children = (
				1AE64BFD244399B700769C69 /* PostsApp.app */,
				1AE64C13244399BA00769C69 /* PostsAppTests.xctest */,
				1AE64C1E244399BA00769C69 /* PostsAppUITests.xctest */,
			);
			name = Products;
			sourceTree = "<group>";
		};
		1AE64BFF244399B700769C69 /* PostsApp */ = {
			isa = PBXGroup;
			children = (
				1AE64C69244497D000769C69 /* App */,
				1AE64C6A244497F800769C69 /* Features */,
				1AE64C452443A72500769C69 /* Networking */,
				1AE64C422443A1BB00769C69 /* Logger */,
				1AE64C3024439E2500769C69 /* Coordinator */,
				1AE64C09244399B900769C69 /* Assets.xcassets */,
				1AE64C0B244399B900769C69 /* LaunchScreen.storyboard */,
				1AE64C0E244399B900769C69 /* Info.plist */,
			);
			path = PostsApp;
			sourceTree = "<group>";
		};
		1AE64C16244399BA00769C69 /* PostsAppTests */ = {
			isa = PBXGroup;
			children = (
				1AE64C17244399BA00769C69 /* PostsAppTests.swift */,
				1AE64C19244399BA00769C69 /* Info.plist */,
				1AE64C5F244473D600769C69 /* HTTPServiceTests.swift */,
				1AE64C61244473EC00769C69 /* ClientServiceTests.swift */,
				1AE64C7D2444B3AB00769C69 /* LoginViewModelTests.swift */,
			);
			path = PostsAppTests;
			sourceTree = "<group>";
		};
		1AE64C21244399BA00769C69 /* PostsAppUITests */ = {
			isa = PBXGroup;
			children = (
				1AE64C22244399BA00769C69 /* PostsAppUITests.swift */,
				1AE64C24244399BA00769C69 /* Info.plist */,
			);
			path = PostsAppUITests;
			sourceTree = "<group>";
		};
		1AE64C3024439E2500769C69 /* Coordinator */ = {
			isa = PBXGroup;
			children = (
				1AE64C3624439E2500769C69 /* BaseTabBarCoordinator.swift */,
				1AE64C3524439E2500769C69 /* BaseRouterCoordinator.swift */,
				1AE64C3724439E2500769C69 /* Router */,
				1AE64C3224439E2500769C69 /* Extensions */,
				1AE64C3124439E2500769C69 /* CoordinatorFinishFlowProtocol.swift */,
				1AE64C3A24439E2500769C69 /* CoordinatorProtocol.swift */,
			);
			path = Coordinator;
			sourceTree = "<group>";
		};
		1AE64C3224439E2500769C69 /* Extensions */ = {
			isa = PBXGroup;
			children = (
				1AE64C3324439E2500769C69 /* ViewController+Coordinator.swift */,
			);
			path = Extensions;
			sourceTree = "<group>";
		};
		1AE64C3724439E2500769C69 /* Router */ = {
			isa = PBXGroup;
			children = (
				1AE64C3824439E2500769C69 /* Presentable.swift */,
				1AE64C3924439E2500769C69 /* Router.swift */,
			);
			path = Router;
			sourceTree = "<group>";
		};
		1AE64C422443A1BB00769C69 /* Logger */ = {
			isa = PBXGroup;
			children = (
				1AE64C432443A1BB00769C69 /* Logger.swift */,
				1AE64C592443C13E00769C69 /* Loggable.swift */,
			);
			path = Logger;
			sourceTree = "<group>";
		};
		1AE64C452443A72500769C69 /* Networking */ = {
			isa = PBXGroup;
			children = (
				1AE64C5B2444735A00769C69 /* ClientService.swift */,
				1AE64C5C2444735A00769C69 /* HTTPService.swift */,
				1AE64C462443A72500769C69 /* Mocks */,
			);
			path = Networking;
			sourceTree = "<group>";
		};
		1AE64C462443A72500769C69 /* Mocks */ = {
			isa = PBXGroup;
			children = (
				1AE64C472443A72500769C69 /* MockURLSession.swift */,
			);
			path = Mocks;
			sourceTree = "<group>";
		};
		1AE64C69244497D000769C69 /* App */ = {
			isa = PBXGroup;
			children = (
				1AE64C572443A87600769C69 /* AppConfig.swift */,
				1AE64C00244399B700769C69 /* AppDelegate.swift */,
				1AE64C672444948900769C69 /* AppCoordinator.swift */,
				1AE64C02244399B700769C69 /* SceneDelegate.swift */,
				1AE64C7F2444C23800769C69 /* AppAppearance.swift */,
			);
			path = App;
			sourceTree = "<group>";
		};
		1AE64C6A244497F800769C69 /* Features */ = {
			isa = PBXGroup;
			children = (
				1AE64C6C2444980E00769C69 /* Feature_posts */,
				1AE64C6B2444980100769C69 /* Feature_login */,
			);
			path = Features;
			sourceTree = "<group>";
		};
		1AE64C6B2444980100769C69 /* Feature_login */ = {
			isa = PBXGroup;
			children = (
				1AE64C852444D08100769C69 /* LoginFeature.swift */,
				1AE64C652444938700769C69 /* LoginCoordinator.swift */,
				1AE64C6D2444988600769C69 /* LoginViewModel.swift */,
				1AE64C6F244498B200769C69 /* LoginViewController.swift */,
				1AE64C7B2444A9DF00769C69 /* UITextField+Extensions.swift */,
			);
			path = Feature_login;
			sourceTree = "<group>";
		};
		1AE64C6C2444980E00769C69 /* Feature_posts */ = {
			isa = PBXGroup;
			children = (
				1AE64C812444C96300769C69 /* PostsFeature.swift */,
				1AE64C832444CDB600769C69 /* Post.swift */,
				1AE64C632444907700769C69 /* PostsCoordinator.swift */,
				1AE64C71244498FC00769C69 /* PostsViewModel.swift */,
				1AE64C732444991800769C69 /* PostsViewController.swift */,
				1AE64C752444994100769C69 /* FavoritesViewModel.swift */,
				1AE64C7724449A0000769C69 /* PostsProviderProtocol.swift */,
			);
			path = Feature_posts;
			sourceTree = "<group>";
		};
/* End PBXGroup section */

/* Begin PBXNativeTarget section */
		1AE64BFC244399B700769C69 /* PostsApp */ = {
			isa = PBXNativeTarget;
			buildConfigurationList = 1AE64C27244399BA00769C69 /* Build configuration list for PBXNativeTarget "PostsApp" */;
			buildPhases = (
				1AE64BF9244399B700769C69 /* Sources */,
				1AE64BFA244399B700769C69 /* Frameworks */,
				1AE64BFB244399B700769C69 /* Resources */,
			);
			buildRules = (
			);
			dependencies = (
			);
			name = PostsApp;
			productName = PostsApp;
			productReference = 1AE64BFD244399B700769C69 /* PostsApp.app */;
			productType = "com.apple.product-type.application";
		};
		1AE64C12244399BA00769C69 /* PostsAppTests */ = {
			isa = PBXNativeTarget;
			buildConfigurationList = 1AE64C2A244399BA00769C69 /* Build configuration list for PBXNativeTarget "PostsAppTests" */;
			buildPhases = (
				1AE64C0F244399BA00769C69 /* Sources */,
				1AE64C10244399BA00769C69 /* Frameworks */,
				1AE64C11244399BA00769C69 /* Resources */,
			);
			buildRules = (
			);
			dependencies = (
				1AE64C15244399BA00769C69 /* PBXTargetDependency */,
			);
			name = PostsAppTests;
			productName = PostsAppTests;
			productReference = 1AE64C13244399BA00769C69 /* PostsAppTests.xctest */;
			productType = "com.apple.product-type.bundle.unit-test";
		};
		1AE64C1D244399BA00769C69 /* PostsAppUITests */ = {
			isa = PBXNativeTarget;
			buildConfigurationList = 1AE64C2D244399BA00769C69 /* Build configuration list for PBXNativeTarget "PostsAppUITests" */;
			buildPhases = (
				1AE64C1A244399BA00769C69 /* Sources */,
				1AE64C1B244399BA00769C69 /* Frameworks */,
				1AE64C1C244399BA00769C69 /* Resources */,
			);
			buildRules = (
			);
			dependencies = (
				1AE64C20244399BA00769C69 /* PBXTargetDependency */,
			);
			name = PostsAppUITests;
			productName = PostsAppUITests;
			productReference = 1AE64C1E244399BA00769C69 /* PostsAppUITests.xctest */;
			productType = "com.apple.product-type.bundle.ui-testing";
		};
/* End PBXNativeTarget section */

/* Begin PBXProject section */
		1AE64BF5244399B700769C69 /* Project object */ = {
			isa = PBXProject;
			attributes = {
				LastSwiftUpdateCheck = 1140;
				LastUpgradeCheck = 1140;
				ORGANIZATIONNAME = "Pavan Kumar Valluru";
				TargetAttributes = {
					1AE64BFC244399B700769C69 = {
						CreatedOnToolsVersion = 11.4;
					};
					1AE64C12244399BA00769C69 = {
						CreatedOnToolsVersion = 11.4;
						TestTargetID = 1AE64BFC244399B700769C69;
					};
					1AE64C1D244399BA00769C69 = {
						CreatedOnToolsVersion = 11.4;
						TestTargetID = 1AE64BFC244399B700769C69;
					};
				};
			};
			buildConfigurationList = 1AE64BF8244399B700769C69 /* Build configuration list for PBXProject "PostsApp" */;
			compatibilityVersion = "Xcode 9.3";
			developmentRegion = en;
			hasScannedForEncodings = 0;
			knownRegions = (
				en,
				Base,
			);
			mainGroup = 1AE64BF4244399B700769C69;
			productRefGroup = 1AE64BFE244399B700769C69 /* Products */;
			projectDirPath = "";
			projectRoot = "";
			targets = (
				1AE64BFC244399B700769C69 /* PostsApp */,
				1AE64C12244399BA00769C69 /* PostsAppTests */,
				1AE64C1D244399BA00769C69 /* PostsAppUITests */,
			);
		};
/* End PBXProject section */

/* Begin PBXResourcesBuildPhase section */
		1AE64BFB244399B700769C69 /* Resources */ = {
			isa = PBXResourcesBuildPhase;
			buildActionMask = 2147483647;
			files = (
				1AE64C0D244399B900769C69 /* LaunchScreen.storyboard in Resources */,
				1AE64C0A244399B900769C69 /* Assets.xcassets in Resources */,
			);
			runOnlyForDeploymentPostprocessing = 0;
		};
		1AE64C11244399BA00769C69 /* Resources */ = {
			isa = PBXResourcesBuildPhase;
			buildActionMask = 2147483647;
			files = (
			);
			runOnlyForDeploymentPostprocessing = 0;
		};
		1AE64C1C244399BA00769C69 /* Resources */ = {
			isa = PBXResourcesBuildPhase;
			buildActionMask = 2147483647;
			files = (
			);
			runOnlyForDeploymentPostprocessing = 0;
		};
/* End PBXResourcesBuildPhase section */

/* Begin PBXSourcesBuildPhase section */
		1AE64BF9244399B700769C69 /* Sources */ = {
			isa = PBXSourcesBuildPhase;
			buildActionMask = 2147483647;
			files = (
				1AE64C662444938700769C69 /* LoginCoordinator.swift in Sources */,
				1AE64C4024439E2500769C69 /* Router.swift in Sources */,
				1AE64C582443A87600769C69 /* AppConfig.swift in Sources */,
				1AE64C802444C23800769C69 /* AppAppearance.swift in Sources */,
				1AE64C7C2444A9DF00769C69 /* UITextField+Extensions.swift in Sources */,
				1AE64C5A2443C13E00769C69 /* Loggable.swift in Sources */,
				1AE64C862444D08100769C69 /* LoginFeature.swift in Sources */,
				1AE64C3B24439E2500769C69 /* CoordinatorFinishFlowProtocol.swift in Sources */,
				1AE64C642444907700769C69 /* PostsCoordinator.swift in Sources */,
				1AE64C682444948900769C69 /* AppCoordinator.swift in Sources */,
				1AE64C3E24439E2500769C69 /* BaseTabBarCoordinator.swift in Sources */,
				1AE64C70244498B200769C69 /* LoginViewController.swift in Sources */,
				1AE64C4F2443A72500769C69 /* MockURLSession.swift in Sources */,
				1AE64C01244399B700769C69 /* AppDelegate.swift in Sources */,
				1AE64C5E2444735A00769C69 /* HTTPService.swift in Sources */,
				1AE64C7824449A0000769C69 /* PostsProviderProtocol.swift in Sources */,
				1AE64C822444C96300769C69 /* PostsFeature.swift in Sources */,
				1AE64C3C24439E2500769C69 /* ViewController+Coordinator.swift in Sources */,
				1AE64C442443A1BB00769C69 /* Logger.swift in Sources */,
				1AE64C4124439E2500769C69 /* CoordinatorProtocol.swift in Sources */,
				1AE64C842444CDB600769C69 /* Post.swift in Sources */,
				1AE64C3D24439E2500769C69 /* BaseRouterCoordinator.swift in Sources */,
				1AE64C742444991800769C69 /* PostsViewController.swift in Sources */,
				1AE64C03244399B700769C69 /* SceneDelegate.swift in Sources */,
				1AE64C5D2444735A00769C69 /* ClientService.swift in Sources */,
				1AE64C6E2444988600769C69 /* LoginViewModel.swift in Sources */,
				1AE64C762444994100769C69 /* FavoritesViewModel.swift in Sources */,
				1AE64C3F24439E2500769C69 /* Presentable.swift in Sources */,
				1AE64C72244498FC00769C69 /* PostsViewModel.swift in Sources */,
			);
			runOnlyForDeploymentPostprocessing = 0;
		};
		1AE64C0F244399BA00769C69 /* Sources */ = {
			isa = PBXSourcesBuildPhase;
			buildActionMask = 2147483647;
			files = (
				1AE64C7E2444B3AB00769C69 /* LoginViewModelTests.swift in Sources */,
				1AE64C62244473EC00769C69 /* ClientServiceTests.swift in Sources */,
				1AE64C18244399BA00769C69 /* PostsAppTests.swift in Sources */,
				1AE64C60244473D600769C69 /* HTTPServiceTests.swift in Sources */,
			);
			runOnlyForDeploymentPostprocessing = 0;
		};
		1AE64C1A244399BA00769C69 /* Sources */ = {
			isa = PBXSourcesBuildPhase;
			buildActionMask = 2147483647;
			files = (
				1AE64C23244399BA00769C69 /* PostsAppUITests.swift in Sources */,
			);
			runOnlyForDeploymentPostprocessing = 0;
		};
/* End PBXSourcesBuildPhase section */

/* Begin PBXTargetDependency section */
		1AE64C15244399BA00769C69 /* PBXTargetDependency */ = {
			isa = PBXTargetDependency;
			target = 1AE64BFC244399B700769C69 /* PostsApp */;
			targetProxy = 1AE64C14244399BA00769C69 /* PBXContainerItemProxy */;
		};
		1AE64C20244399BA00769C69 /* PBXTargetDependency */ = {
			isa = PBXTargetDependency;
			target = 1AE64BFC244399B700769C69 /* PostsApp */;
			targetProxy = 1AE64C1F244399BA00769C69 /* PBXContainerItemProxy */;
		};
/* End PBXTargetDependency section */

/* Begin PBXVariantGroup section */
		1AE64C0B244399B900769C69 /* LaunchScreen.storyboard */ = {
			isa = PBXVariantGroup;
			children = (
				1AE64C0C244399B900769C69 /* Base */,
			);
			name = LaunchScreen.storyboard;
			sourceTree = "<group>";
		};
/* End PBXVariantGroup section */

/* Begin XCBuildConfiguration section */
		1AE64C25244399BA00769C69 /* Debug */ = {
			isa = XCBuildConfiguration;
			buildSettings = {
				ALWAYS_SEARCH_USER_PATHS = NO;
				CLANG_ANALYZER_NONNULL = YES;
				CLANG_ANALYZER_NUMBER_OBJECT_CONVERSION = YES_AGGRESSIVE;
				CLANG_CXX_LANGUAGE_STANDARD = "gnu++14";
				CLANG_CXX_LIBRARY = "libc++";
				CLANG_ENABLE_MODULES = YES;
				CLANG_ENABLE_OBJC_ARC = YES;
				CLANG_ENABLE_OBJC_WEAK = YES;
				CLANG_WARN_BLOCK_CAPTURE_AUTORELEASING = YES;
				CLANG_WARN_BOOL_CONVERSION = YES;
				CLANG_WARN_COMMA = YES;
				CLANG_WARN_CONSTANT_CONVERSION = YES;
				CLANG_WARN_DEPRECATED_OBJC_IMPLEMENTATIONS = YES;
				CLANG_WARN_DIRECT_OBJC_ISA_USAGE = YES_ERROR;
				CLANG_WARN_DOCUMENTATION_COMMENTS = YES;
				CLANG_WARN_EMPTY_BODY = YES;
				CLANG_WARN_ENUM_CONVERSION = YES;
				CLANG_WARN_INFINITE_RECURSION = YES;
				CLANG_WARN_INT_CONVERSION = YES;
				CLANG_WARN_NON_LITERAL_NULL_CONVERSION = YES;
				CLANG_WARN_OBJC_IMPLICIT_RETAIN_SELF = YES;
				CLANG_WARN_OBJC_LITERAL_CONVERSION = YES;
				CLANG_WARN_OBJC_ROOT_CLASS = YES_ERROR;
				CLANG_WARN_RANGE_LOOP_ANALYSIS = YES;
				CLANG_WARN_STRICT_PROTOTYPES = YES;
				CLANG_WARN_SUSPICIOUS_MOVE = YES;
				CLANG_WARN_UNGUARDED_AVAILABILITY = YES_AGGRESSIVE;
				CLANG_WARN_UNREACHABLE_CODE = YES;
				CLANG_WARN__DUPLICATE_METHOD_MATCH = YES;
				COPY_PHASE_STRIP = NO;
				DEBUG_INFORMATION_FORMAT = dwarf;
				ENABLE_STRICT_OBJC_MSGSEND = YES;
				ENABLE_TESTABILITY = YES;
				GCC_C_LANGUAGE_STANDARD = gnu11;
				GCC_DYNAMIC_NO_PIC = NO;
				GCC_NO_COMMON_BLOCKS = YES;
				GCC_OPTIMIZATION_LEVEL = 0;
				GCC_PREPROCESSOR_DEFINITIONS = (
					"DEBUG=1",
					"$(inherited)",
				);
				GCC_WARN_64_TO_32_BIT_CONVERSION = YES;
				GCC_WARN_ABOUT_RETURN_TYPE = YES_ERROR;
				GCC_WARN_UNDECLARED_SELECTOR = YES;
				GCC_WARN_UNINITIALIZED_AUTOS = YES_AGGRESSIVE;
				GCC_WARN_UNUSED_FUNCTION = YES;
				GCC_WARN_UNUSED_VARIABLE = YES;
				IPHONEOS_DEPLOYMENT_TARGET = 13.0;
				MTL_ENABLE_DEBUG_INFO = INCLUDE_SOURCE;
				MTL_FAST_MATH = YES;
				ONLY_ACTIVE_ARCH = YES;
				SDKROOT = iphoneos;
				SWIFT_ACTIVE_COMPILATION_CONDITIONS = DEBUG;
				SWIFT_OPTIMIZATION_LEVEL = "-Onone";
			};
			name = Debug;
		};
		1AE64C26244399BA00769C69 /* Release */ = {
			isa = XCBuildConfiguration;
			buildSettings = {
				ALWAYS_SEARCH_USER_PATHS = NO;
				CLANG_ANALYZER_NONNULL = YES;
				CLANG_ANALYZER_NUMBER_OBJECT_CONVERSION = YES_AGGRESSIVE;
				CLANG_CXX_LANGUAGE_STANDARD = "gnu++14";
				CLANG_CXX_LIBRARY = "libc++";
				CLANG_ENABLE_MODULES = YES;
				CLANG_ENABLE_OBJC_ARC = YES;
				CLANG_ENABLE_OBJC_WEAK = YES;
				CLANG_WARN_BLOCK_CAPTURE_AUTORELEASING = YES;
				CLANG_WARN_BOOL_CONVERSION = YES;
				CLANG_WARN_COMMA = YES;
				CLANG_WARN_CONSTANT_CONVERSION = YES;
				CLANG_WARN_DEPRECATED_OBJC_IMPLEMENTATIONS = YES;
				CLANG_WARN_DIRECT_OBJC_ISA_USAGE = YES_ERROR;
				CLANG_WARN_DOCUMENTATION_COMMENTS = YES;
				CLANG_WARN_EMPTY_BODY = YES;
				CLANG_WARN_ENUM_CONVERSION = YES;
				CLANG_WARN_INFINITE_RECURSION = YES;
				CLANG_WARN_INT_CONVERSION = YES;
				CLANG_WARN_NON_LITERAL_NULL_CONVERSION = YES;
				CLANG_WARN_OBJC_IMPLICIT_RETAIN_SELF = YES;
				CLANG_WARN_OBJC_LITERAL_CONVERSION = YES;
				CLANG_WARN_OBJC_ROOT_CLASS = YES_ERROR;
				CLANG_WARN_RANGE_LOOP_ANALYSIS = YES;
				CLANG_WARN_STRICT_PROTOTYPES = YES;
				CLANG_WARN_SUSPICIOUS_MOVE = YES;
				CLANG_WARN_UNGUARDED_AVAILABILITY = YES_AGGRESSIVE;
				CLANG_WARN_UNREACHABLE_CODE = YES;
				CLANG_WARN__DUPLICATE_METHOD_MATCH = YES;
				COPY_PHASE_STRIP = NO;
				DEBUG_INFORMATION_FORMAT = "dwarf-with-dsym";
				ENABLE_NS_ASSERTIONS = NO;
				ENABLE_STRICT_OBJC_MSGSEND = YES;
				GCC_C_LANGUAGE_STANDARD = gnu11;
				GCC_NO_COMMON_BLOCKS = YES;
				GCC_WARN_64_TO_32_BIT_CONVERSION = YES;
				GCC_WARN_ABOUT_RETURN_TYPE = YES_ERROR;
				GCC_WARN_UNDECLARED_SELECTOR = YES;
				GCC_WARN_UNINITIALIZED_AUTOS = YES_AGGRESSIVE;
				GCC_WARN_UNUSED_FUNCTION = YES;
				GCC_WARN_UNUSED_VARIABLE = YES;
				IPHONEOS_DEPLOYMENT_TARGET = 13.0;
				MTL_ENABLE_DEBUG_INFO = NO;
				MTL_FAST_MATH = YES;
				SDKROOT = iphoneos;
				SWIFT_COMPILATION_MODE = wholemodule;
				SWIFT_OPTIMIZATION_LEVEL = "-O";
				VALIDATE_PRODUCT = YES;
			};
			name = Release;
		};
		1AE64C28244399BA00769C69 /* Debug */ = {
			isa = XCBuildConfiguration;
			buildSettings = {
				ASSETCATALOG_COMPILER_APPICON_NAME = AppIcon;
				CODE_SIGN_STYLE = Automatic;
				DEVELOPMENT_TEAM = VA833KQMTP;
				INFOPLIST_FILE = PostsApp/Info.plist;
				LD_RUNPATH_SEARCH_PATHS = (
					"$(inherited)",
					"@executable_path/Frameworks",
				);
				PRODUCT_BUNDLE_IDENTIFIER = com.pavan.PostsApp;
				PRODUCT_NAME = "$(TARGET_NAME)";
				SWIFT_VERSION = 5.0;
				TARGETED_DEVICE_FAMILY = 1;
			};
			name = Debug;
		};
		1AE64C29244399BA00769C69 /* Release */ = {
			isa = XCBuildConfiguration;
			buildSettings = {
				ASSETCATALOG_COMPILER_APPICON_NAME = AppIcon;
				CODE_SIGN_STYLE = Automatic;
				DEVELOPMENT_TEAM = VA833KQMTP;
				INFOPLIST_FILE = PostsApp/Info.plist;
				LD_RUNPATH_SEARCH_PATHS = (
					"$(inherited)",
					"@executable_path/Frameworks",
				);
				PRODUCT_BUNDLE_IDENTIFIER = com.pavan.PostsApp;
				PRODUCT_NAME = "$(TARGET_NAME)";
				SWIFT_VERSION = 5.0;
				TARGETED_DEVICE_FAMILY = 1;
			};
			name = Release;
		};
		1AE64C2B244399BA00769C69 /* Debug */ = {
			isa = XCBuildConfiguration;
			buildSettings = {
				ALWAYS_EMBED_SWIFT_STANDARD_LIBRARIES = YES;
				BUNDLE_LOADER = "$(TEST_HOST)";
				CODE_SIGN_STYLE = Automatic;
				DEVELOPMENT_TEAM = VA833KQMTP;
				INFOPLIST_FILE = PostsAppTests/Info.plist;
				IPHONEOS_DEPLOYMENT_TARGET = 13.4;
				LD_RUNPATH_SEARCH_PATHS = (
					"$(inherited)",
					"@executable_path/Frameworks",
					"@loader_path/Frameworks",
				);
				PRODUCT_BUNDLE_IDENTIFIER = com.pavan.PostsAppTests;
				PRODUCT_NAME = "$(TARGET_NAME)";
				SWIFT_VERSION = 5.0;
				TARGETED_DEVICE_FAMILY = "1,2";
				TEST_HOST = "$(BUILT_PRODUCTS_DIR)/PostsApp.app/PostsApp";
			};
			name = Debug;
		};
		1AE64C2C244399BA00769C69 /* Release */ = {
			isa = XCBuildConfiguration;
			buildSettings = {
				ALWAYS_EMBED_SWIFT_STANDARD_LIBRARIES = YES;
				BUNDLE_LOADER = "$(TEST_HOST)";
				CODE_SIGN_STYLE = Automatic;
				DEVELOPMENT_TEAM = VA833KQMTP;
				INFOPLIST_FILE = PostsAppTests/Info.plist;
				IPHONEOS_DEPLOYMENT_TARGET = 13.4;
				LD_RUNPATH_SEARCH_PATHS = (
					"$(inherited)",
					"@executable_path/Frameworks",
					"@loader_path/Frameworks",
				);
				PRODUCT_BUNDLE_IDENTIFIER = com.pavan.PostsAppTests;
				PRODUCT_NAME = "$(TARGET_NAME)";
				SWIFT_VERSION = 5.0;
				TARGETED_DEVICE_FAMILY = "1,2";
				TEST_HOST = "$(BUILT_PRODUCTS_DIR)/PostsApp.app/PostsApp";
			};
			name = Release;
		};
		1AE64C2E244399BA00769C69 /* Debug */ = {
			isa = XCBuildConfiguration;
			buildSettings = {
				ALWAYS_EMBED_SWIFT_STANDARD_LIBRARIES = YES;
				CODE_SIGN_STYLE = Automatic;
				DEVELOPMENT_TEAM = VA833KQMTP;
				INFOPLIST_FILE = PostsAppUITests/Info.plist;
				LD_RUNPATH_SEARCH_PATHS = (
					"$(inherited)",
					"@executable_path/Frameworks",
					"@loader_path/Frameworks",
				);
				PRODUCT_BUNDLE_IDENTIFIER = com.pavan.PostsAppUITests;
				PRODUCT_NAME = "$(TARGET_NAME)";
				SWIFT_VERSION = 5.0;
				TARGETED_DEVICE_FAMILY = "1,2";
				TEST_TARGET_NAME = PostsApp;
			};
			name = Debug;
		};
		1AE64C2F244399BA00769C69 /* Release */ = {
			isa = XCBuildConfiguration;
			buildSettings = {
				ALWAYS_EMBED_SWIFT_STANDARD_LIBRARIES = YES;
				CODE_SIGN_STYLE = Automatic;
				DEVELOPMENT_TEAM = VA833KQMTP;
				INFOPLIST_FILE = PostsAppUITests/Info.plist;
				LD_RUNPATH_SEARCH_PATHS = (
					"$(inherited)",
					"@executable_path/Frameworks",
					"@loader_path/Frameworks",
				);
				PRODUCT_BUNDLE_IDENTIFIER = com.pavan.PostsAppUITests;
				PRODUCT_NAME = "$(TARGET_NAME)";
				SWIFT_VERSION = 5.0;
				TARGETED_DEVICE_FAMILY = "1,2";
				TEST_TARGET_NAME = PostsApp;
			};
			name = Release;
		};
/* End XCBuildConfiguration section */

/* Begin XCConfigurationList section */
		1AE64BF8244399B700769C69 /* Build configuration list for PBXProject "PostsApp" */ = {
			isa = XCConfigurationList;
			buildConfigurations = (
				1AE64C25244399BA00769C69 /* Debug */,
				1AE64C26244399BA00769C69 /* Release */,
			);
			defaultConfigurationIsVisible = 0;
			defaultConfigurationName = Release;
		};
		1AE64C27244399BA00769C69 /* Build configuration list for PBXNativeTarget "PostsApp" */ = {
			isa = XCConfigurationList;
			buildConfigurations = (
				1AE64C28244399BA00769C69 /* Debug */,
				1AE64C29244399BA00769C69 /* Release */,
			);
			defaultConfigurationIsVisible = 0;
			defaultConfigurationName = Release;
		};
		1AE64C2A244399BA00769C69 /* Build configuration list for PBXNativeTarget "PostsAppTests" */ = {
			isa = XCConfigurationList;
			buildConfigurations = (
				1AE64C2B244399BA00769C69 /* Debug */,
				1AE64C2C244399BA00769C69 /* Release */,
			);
			defaultConfigurationIsVisible = 0;
			defaultConfigurationName = Release;
		};
		1AE64C2D244399BA00769C69 /* Build configuration list for PBXNativeTarget "PostsAppUITests" */ = {
			isa = XCConfigurationList;
			buildConfigurations = (
				1AE64C2E244399BA00769C69 /* Debug */,
				1AE64C2F244399BA00769C69 /* Release */,
			);
			defaultConfigurationIsVisible = 0;
			defaultConfigurationName = Release;
		};
/* End XCConfigurationList section */
	};
	rootObject = 1AE64BF5244399B700769C69 /* Project object */;
}
